
Microsoft Visual Studio Solution File, Format Version 12.00
# Visual Studio Version 17
VisualStudioVersion = 17.12.35527.113 d17.12
MinimumVisualStudioVersion = 10.0.40219.1
Project("{FAE04EC0-301F-11D3-BF4B-00C04F79EFBC}") = "ClassLibrary", "ClassLibrary\ClassLibrary.csproj", "{5EB44081-AFFC-4302-BB8D-F5A3A18E2823}"
EndProject
Project("{FAE04EC0-301F-11D3-BF4B-00C04F79EFBC}") = "MTOExcelManipulator", "MTOExcelManipulator\MTOExcelManipulator.csproj", "{34B3AED2-2D30-4DD0-950F-DDCF2CB1915C}"
EndProject
Global
	GlobalSection(SolutionConfigurationPlatforms) = preSolution
		Debug|Any CPU = Debug|Any CPU
		Release|Any CPU = Release|Any CPU
	EndGlobalSection
	GlobalSection(ProjectConfigurationPlatforms) = postSolution
		{5EB44081-AFFC-4302-BB8D-F5A3A18E2823}.Debug|Any CPU.ActiveCfg = Debug|Any CPU
		{5EB44081-AFFC-4302-BB8D-F5A3A18E2823}.Debug|Any CPU.Build.0 = Debug|Any CPU
		{5EB44081-AFFC-4302-BB8D-F5A3A18E2823}.Release|Any CPU.ActiveCfg = Release|Any CPU
		{5EB44081-AFFC-4302-BB8D-F5A3A18E2823}.Release|Any CPU.Build.0 = Release|Any CPU
		{34B3AED2-2D30-4DD0-950F-DDCF2CB1915C}.Debug|Any CPU.ActiveCfg = Debug|Any CPU
		{34B3AED2-2D30-4DD0-950F-DDCF2CB1915C}.Debug|Any CPU.Build.0 = Debug|Any CPU
		{34B3AED2-2D30-4DD0-950F-DDCF2CB1915C}.Release|Any CPU.ActiveCfg = Release|Any CPU
		{34B3AED2-2D30-4DD0-950F-DDCF2CB1915C}.Release|Any CPU.Build.0 = Release|Any CPU
	EndGlobalSection
	GlobalSection(SolutionProperties) = preSolution
		HideSolutionNode = FALSE
	EndGlobalSection
EndGlobal
